{
  "version": "5",
  "redirects": {
    "https://esm.sh/@selderee/plugin-htmlparser2@^0.11.0?target=denonext": "https://esm.sh/@selderee/plugin-htmlparser2@0.11.0?target=denonext",
    "https://esm.sh/@stablelib/base64@^1.0.0?target=denonext": "https://esm.sh/@stablelib/base64@1.0.1?target=denonext",
    "https://esm.sh/@supabase/functions-js@^2.1.5?target=denonext": "https://esm.sh/@supabase/functions-js@2.110.1?target=denonext",
    "https://esm.sh/@supabase/gotrue-js@^2.60.0?target=denonext": "https://esm.sh/@supabase/gotrue-js@2.108.2?target=denonext",
    "https://esm.sh/@supabase/node-fetch@^2.6.14?target=denonext": "https://esm.sh/@supabase/node-fetch@2.6.15?target=denonext",
    "https://esm.sh/@supabase/postgrest-js@^1.9.0?target=denonext": "https://esm.sh/@supabase/postgrest-js@1.21.4?target=denonext",
    "https://esm.sh/@supabase/realtime-js@^2.9.3?target=denonext": "https://esm.sh/@supabase/realtime-js@2.110.1?target=denonext",
    "https://esm.sh/@supabase/storage-js@^2.5.4?target=denonext": "https://esm.sh/@supabase/storage-js@2.110.1?target=denonext",
    "https://esm.sh/@types/crypto-js@~4.2.2/md5.d.ts": "https://esm.sh/@types/crypto-js@4.2.2/md5.d.ts",
    "https://esm.sh/@types/html-to-text@~9.0.4/index.d.ts": "https://esm.sh/@types/html-to-text@9.0.4/index.d.ts",
    "https://esm.sh/@types/js-beautify@~1.14.3/index.d.ts": "https://esm.sh/@types/js-beautify@1.14.3/index.d.ts",
    "https://esm.sh/@types/prismjs@~1.26.5/index.d.ts": "https://esm.sh/@types/prismjs@1.26.6/index.d.ts",
    "https://esm.sh/@types/react-dom@~18.3.7/X-ZHJlYWN0QDE4LjMuMQ/server.d.ts": "https://esm.sh/@types/react-dom@18.3.7/server.d.ts",
    "https://esm.sh/@types/react-dom@~18.3.7/server.d.ts": "https://esm.sh/@types/react-dom@18.3.7/server.d.ts",
    "https://esm.sh/@types/react@~18.3.18/index.d.ts": "https://esm.sh/@types/react@18.3.31/index.d.ts",
    "https://esm.sh/@types/react@~18.3.18/jsx-runtime.d.ts": "https://esm.sh/@types/react@18.3.31/jsx-runtime.d.ts",
    "https://esm.sh/@types/react@~18.3.26/index.d.ts": "https://esm.sh/@types/react@18.3.31/index.d.ts",
    "https://esm.sh/@types/react@~19.0.7/index.d.ts": "https://esm.sh/@types/react@19.0.14/index.d.ts",
    "https://esm.sh/deepmerge@^4.3.1?target=denonext": "https://esm.sh/deepmerge@4.3.1?target=denonext",
    "https://esm.sh/dom-serializer@^2.0.0?target=denonext": "https://esm.sh/dom-serializer@2.0.0?target=denonext",
    "https://esm.sh/domelementtype@^2.3.0?target=denonext": "https://esm.sh/domelementtype@2.3.0?target=denonext",
    "https://esm.sh/domhandler@^5.0.3?target=denonext": "https://esm.sh/domhandler@5.0.3?target=denonext",
    "https://esm.sh/domutils@^3.0.1?target=denonext": "https://esm.sh/domutils@3.2.2?target=denonext",
    "https://esm.sh/entities@^4.2.0?target=denonext": "https://esm.sh/entities@4.5.0?target=denonext",
    "https://esm.sh/entities@^4.4.0/lib/decode?target=denonext": "https://esm.sh/entities@4.5.0/lib/decode?target=denonext",
    "https://esm.sh/fast-sha256@^1.3.0?target=denonext": "https://esm.sh/fast-sha256@1.3.0?target=denonext",
    "https://esm.sh/htmlparser2@^8.0.2?target=denonext": "https://esm.sh/htmlparser2@8.0.2?target=denonext",
    "https://esm.sh/iceberg-js@^0.8.1?target=denonext": "https://esm.sh/iceberg-js@0.8.1?target=denonext",
    "https://esm.sh/js-beautify@^1.14.11?target=denonext": "https://esm.sh/js-beautify@1.15.4?target=denonext",
    "https://esm.sh/leac@^0.6.0?target=denonext": "https://esm.sh/leac@0.6.0?target=denonext",
    "https://esm.sh/parseley@^0.12.0?target=denonext": "https://esm.sh/parseley@0.12.1?target=denonext",
    "https://esm.sh/peberminta@^0.9.0?target=denonext": "https://esm.sh/peberminta@0.9.0?target=denonext",
    "https://esm.sh/react-dom@^18.2.0/server?deps=react@18.3.1&target=denonext": "https://esm.sh/react-dom@18.3.1/server?deps=react@18.3.1&target=denonext",
    "https://esm.sh/react-dom@^18.2.0/server?target=denonext": "https://esm.sh/react-dom@18.3.1/server?target=denonext",
    "https://esm.sh/selderee@^0.11.0?target=denonext": "https://esm.sh/selderee@0.11.0?target=denonext",
    "https://esm.sh/tr46@~0.0.3?target=denonext": "https://esm.sh/tr46@0.0.3?target=denonext",
    "https://esm.sh/webidl-conversions@^3.0.0?target=denonext": "https://esm.sh/webidl-conversions@3.0.1?target=denonext",
    "https://esm.sh/whatwg-url@^5.0.0?target=denonext": "https://esm.sh/whatwg-url@5.0.0?target=denonext"
  },
  "remote": {
    "https://deno.land/std@0.168.0/async/abortable.ts": "80b2ac399f142cc528f95a037a7d0e653296352d95c681e284533765961de409",
    "https://deno.land/std@0.168.0/async/deadline.ts": "2c2deb53c7c28ca1dda7a3ad81e70508b1ebc25db52559de6b8636c9278fd41f",
    "https://deno.land/std@0.168.0/async/debounce.ts": "60301ffb37e730cd2d6f9dadfd0ecb2a38857681bd7aaf6b0a106b06e5210a98",
    "https://deno.land/std@0.168.0/async/deferred.ts": "77d3f84255c3627f1cc88699d8472b664d7635990d5358c4351623e098e917d6",
    "https://deno.land/std@0.168.0/async/delay.ts": "5a9bfba8de38840308a7a33786a0155a7f6c1f7a859558ddcec5fe06e16daf57",
    "https://deno.land/std@0.168.0/async/mod.ts": "7809ad4bb223e40f5fdc043e5c7ca04e0e25eed35c32c3c32e28697c553fa6d9",
    "https://deno.land/std@0.168.0/async/mux_async_iterator.ts": "770a0ff26c59f8bbbda6b703a2235f04e379f73238e8d66a087edc68c2a2c35f",
    "https://deno.land/std@0.168.0/async/pool.ts": "6854d8cd675a74c73391c82005cbbe4cc58183bddcd1fbbd7c2bcda42b61cf69",
    "https://deno.land/std@0.168.0/async/retry.ts": "e8e5173623915bbc0ddc537698fa418cf875456c347eda1ed453528645b42e67",
    "https://deno.land/std@0.168.0/async/tee.ts": "3a47cc4e9a940904fd4341f0224907e199121c80b831faa5ec2b054c6d2eff5e",
    "https://deno.land/std@0.168.0/http/server.ts": "e99c1bee8a3f6571ee4cdeb2966efad465b8f6fe62bec1bdb59c1f007cc4d155",
    "https://deno.land/std@0.177.0/async/abortable.ts": "73acfb3ed7261ce0d930dbe89e43db8d34e017b063cf0eaa7d215477bf53442e",
    "https://deno.land/std@0.177.0/async/deadline.ts": "c5facb0b404eede83e38bd2717ea8ab34faa2ffb20ef87fd261fcba32ba307aa",
    "https://deno.land/std@0.177.0/async/debounce.ts": "adab11d04ca38d699444ac8a9d9856b4155e8dda2afd07ce78276c01ea5a4332",
    "https://deno.land/std@0.177.0/async/deferred.ts": "42790112f36a75a57db4a96d33974a936deb7b04d25c6084a9fa8a49f135def8",
    "https://deno.land/std@0.177.0/async/delay.ts": "73aa04cec034c84fc748c7be49bb15cac3dd43a57174bfdb7a4aec22c248f0dd",
    "https://deno.land/std@0.177.0/async/mod.ts": "f04344fa21738e5ad6bea37a6bfffd57c617c2d372bb9f9dcfd118a1b622e576",
    "https://deno.land/std@0.177.0/async/mux_async_iterator.ts": "70c7f2ee4e9466161350473ad61cac0b9f115cff4c552eaa7ef9d50c4cbb4cc9",
    "https://deno.land/std@0.177.0/async/pool.ts": "fd082bd4aaf26445909889435a5c74334c017847842ec035739b4ae637ae8260",
    "https://deno.land/std@0.177.0/async/retry.ts": "5efa3ba450ac0c07a40a82e2df296287b5013755d232049efd7ea2244f15b20f",
    "https://deno.land/std@0.177.0/async/tee.ts": "47e42d35f622650b02234d43803d0383a89eb4387e1b83b5a40106d18ae36757",
    "https://deno.land/std@0.177.0/http/server.ts": "cbb17b594651215ba95c01a395700684e569c165a567e4e04bba327f41197433",
    "https://deno.land/std@0.99.0/_util/assert.ts": "2f868145a042a11d5ad0a3c748dcf580add8a0dbc0e876eaa0026303a5488f58",
    "https://deno.land/std@0.99.0/_util/os.ts": "e282950a0eaa96760c0cf11e7463e66babd15ec9157d4c9ed49cc0925686f6a7",
    "https://deno.land/std@0.99.0/path/_constants.ts": "1247fee4a79b70c89f23499691ef169b41b6ccf01887a0abd131009c5581b853",
    "https://deno.land/std@0.99.0/path/_interface.ts": "1fa73b02aaa24867e481a48492b44f2598cd9dfa513c7b34001437007d3642e4",
    "https://deno.land/std@0.99.0/path/_util.ts": "2e06a3b9e79beaf62687196bd4b60a4c391d862cfa007a20fc3a39f778ba073b",
    "https://deno.land/std@0.99.0/path/common.ts": "eaf03d08b569e8a87e674e4e265e099f237472b6fd135b3cbeae5827035ea14a",
    "https://deno.land/std@0.99.0/path/glob.ts": "314ad9ff263b895795208cdd4d5e35a44618ca3c6dd155e226fb15d065008652",
    "https://deno.land/std@0.99.0/path/mod.ts": "4465dc494f271b02569edbb4a18d727063b5dbd6ed84283ff906260970a15d12",
    "https://deno.land/std@0.99.0/path/posix.ts": "f56c3c99feb47f30a40ce9d252ef6f00296fa7c0fcb6dd81211bdb3b8b99ca3b",
    "https://deno.land/std@0.99.0/path/separator.ts": "8fdcf289b1b76fd726a508f57d3370ca029ae6976fcde5044007f062e643ff1c",
    "https://deno.land/std@0.99.0/path/win32.ts": "77f7b3604e0de40f3a7c698e8a79e7f601dc187035a1c21cb1e596666ce112f8",
    "https://deno.land/x/media_types@v2.9.0/db.ts": "ba39cddbcefce47d577c0529066787a3a7b39d27750a6d32b5ad53ed487e7b7b",
    "https://deno.land/x/media_types@v2.9.0/deps.ts": "364b24c35845cfd5c6903ab22b8ba9873bf1022bbbf6bf3d001695332d4bbb4f",
    "https://deno.land/x/media_types@v2.9.0/mod.ts": "d63583b978d32eff8b76e1ae5d83cba2fb27baa90cc1bcb0ad15a06122ea8c19",
    "https://deno.land/x/xhr@0.1.0/mod.ts": "5200325d879e571961f0927e8e32e66fd33f4ba0d29a219560cf9e0fe9bc6cdf",
    "https://esm.sh/@radix-ui/react-compose-refs@1.1.0/X-ZHJlYWN0QDE4LjMuMQ/denonext/react-compose-refs.mjs": "21d1c4fa255e3e0685f778086fe3188b79da73cdb706653551441ffa5a3a7a3b",
    "https://esm.sh/@radix-ui/react-slot@1.1.0/X-ZHJlYWN0QDE4LjMuMQ/denonext/react-slot.mjs": "8fba8937919f36fb11183832a7d86e81d9b77d34ba90a8a95b0d6cc712b801a7",
    "https://esm.sh/@react-email/body@0.0.9/X-ZHJlYWN0QDE4LjMuMQ/denonext/body.mjs": "a067bce19b1819a1cf112887ee0b93e2cc06be2c6cd6dbab5c76ed9749ddd80d",
    "https://esm.sh/@react-email/button@0.0.16/X-ZHJlYWN0QDE4LjMuMQ/denonext/button.mjs": "aa8185c1d9e06c050ccf89013101674d7ccb6189f0841d7b89cda03ce04d1e0f",
    "https://esm.sh/@react-email/code-block@0.0.6/X-ZHJlYWN0QDE4LjMuMQ/denonext/code-block.mjs": "e6de236bbaa56bfd51d2c1b610bf43f6e64bed6d90fbd29ad6e70836df9d52bd",
    "https://esm.sh/@react-email/code-inline@0.0.3/X-ZHJlYWN0QDE4LjMuMQ/denonext/code-inline.mjs": "71de91fc03932f5501a105ebf9638dce36c66ea1f1ee1bf38d919db90fe6e61d",
    "https://esm.sh/@react-email/column@0.0.11/X-ZHJlYWN0QDE4LjMuMQ/denonext/column.mjs": "7d7a3f14203f0197fe9a1f3dd0af4f6f04c407d5ac1cec3fca05f557a9101314",
    "https://esm.sh/@react-email/components@0.0.22/X-ZHJlYWN0QDE4LjMuMQ/denonext/components.mjs": "bda9fd90f49c8acf54756a16208802c0c68e13ef94fe0fa57ddfca2f86fed896",
    "https://esm.sh/@react-email/components@0.0.22?deps=react@18.3.1": "b033d1eb778582fcac825505ff214e4259b5f641c6e7461926a6024a4805b6c0",
    "https://esm.sh/@react-email/container@0.0.13/X-ZHJlYWN0QDE4LjMuMQ/denonext/container.mjs": "b2306d12aba361870ba3f3da01dc9561168c90f13fff6b99e250093dd70a3ecf",
    "https://esm.sh/@react-email/font@0.0.7/X-ZHJlYWN0QDE4LjMuMQ/denonext/font.mjs": "6c07d66c54126501d981048166b3c8691b28e3f5f0aa25258182670ccf22bf9b",
    "https://esm.sh/@react-email/head@0.0.10/X-ZHJlYWN0QDE4LjMuMQ/denonext/head.mjs": "ab93206c5b69b3ead93d7f223a342b5a11cfe51035ddc855231594f1d8f770d6",
    "https://esm.sh/@react-email/heading@0.0.13/X-ZHJlYWN0QDE4LjMuMQ/denonext/heading.mjs": "7a4939c99dfa3331d28c2139ce1c527e11f53ce0fb394e93b3b224766132936c",
    "https://esm.sh/@react-email/hr@0.0.9/X-ZHJlYWN0QDE4LjMuMQ/denonext/hr.mjs": "4528ebae797f47e9386f055851b36c81283e5a2c8a4899a9e643bb489e34d6f5",
    "https://esm.sh/@react-email/html@0.0.9/X-ZHJlYWN0QDE4LjMuMQ/denonext/html.mjs": "9579d6542ffe1440c799020718f15881d7e1c6c1ac16bf396cbd0963b461f727",
    "https://esm.sh/@react-email/img@0.0.9/X-ZHJlYWN0QDE4LjMuMQ/denonext/img.mjs": "933187ba6eec4f0cb9d6a00da48e2b65ccf0ee4dfb619a6c310960f021dbf045",
    "https://esm.sh/@react-email/link@0.0.9/X-ZHJlYWN0QDE4LjMuMQ/denonext/link.mjs": "51c82a332c95abd52885ec6d00e7e2a361bbc64e41868c3c00454c290e3f904c",
    "https://esm.sh/@react-email/markdown@0.0.11/X-ZHJlYWN0QDE4LjMuMQ/denonext/markdown.mjs": "54f15a8a94df7b7ff029262c728144311356708e51b2ebec7d1d68dd8091447c",
    "https://esm.sh/@react-email/preview@0.0.10/X-ZHJlYWN0QDE4LjMuMQ/denonext/preview.mjs": "d9db8a7b40afdc6577920612c253f275606aa0afbfb9a83b69aa223f0c7b2312",
    "https://esm.sh/@react-email/render@0.0.12/X-ZHJlYWN0QDE4LjMuMQ/denonext/render.mjs": "49c8d4c9988e98ff704579388aa911748e9f7ddd03c65d4f2923a9c7a1c6fe1a",
    "https://esm.sh/@react-email/render@0.0.12?deps=react@18.3.1": "132219944a8e291358118e568b5f06028f0fa3638981cdcdc48e46b4620d720d",
    "https://esm.sh/@react-email/render@0.0.17/X-ZHJlYWN0QDE4LjMuMQ/denonext/render.mjs": "aa5044bcbc6fcb19b46bc9f05f51fff7b8758486fd75778d88ee7f06563ea3b5",
    "https://esm.sh/@react-email/render@0.0.17/denonext/render.mjs": "3dd48546beb1a8ed74ccf08a87ce22cc6855ec06bfc27c834a15ad7fa678416e",
    "https://esm.sh/@react-email/row@0.0.9/X-ZHJlYWN0QDE4LjMuMQ/denonext/row.mjs": "4cf5223e2fb892ef99329275878fee7b91699010270d9434dfd72e89a69b3667",
    "https://esm.sh/@react-email/section@0.0.13/X-ZHJlYWN0QDE4LjMuMQ/denonext/section.mjs": "e1bc9140b198d6bbfe129e5d1ed0c81b559cb3b42f1e22e2eccfda5f86fc90ff",
    "https://esm.sh/@react-email/tailwind@0.0.19/X-ZHJlYWN0QDE4LjMuMQ/denonext/tailwind.mjs": "65ef57b0c733de2d2573dfb4945bdd0c8ad3a4611460f0f2aa3c1751c2acb59b",
    "https://esm.sh/@react-email/text@0.0.9/X-ZHJlYWN0QDE4LjMuMQ/denonext/text.mjs": "34a58d023b5e937500c86c524837b0acd20997230302387ebd33926cdc6e8ab8",
    "https://esm.sh/@selderee/plugin-htmlparser2@0.11.0/denonext/plugin-htmlparser2.mjs": "bf215c5e29a046da720be2ba856316197ccd53291f42030e947f3df49d8a93e4",
    "https://esm.sh/@selderee/plugin-htmlparser2@0.11.0?target=denonext": "1b642b94e690ea7e82b72aab470d89548cc2e32fd6a1603afec94f67c800b7db",
    "https://esm.sh/@stablelib/base64@1.0.1/denonext/base64.mjs": "34390feb4ceca61c968c8b802f0da0c3e47b55979dfcad2f0b19724264b026ee",
    "https://esm.sh/@stablelib/base64@1.0.1?target=denonext": "d6a21d947314ef3a453f3e0dc95c17b7c5d4ca4a29937f10eea783360a736c51",
    "https://esm.sh/@supabase/functions-js@2.110.1/denonext/functions-js.mjs": "3c87dd6652ed5a81a60178ce7ba34b56b2f05b12cc30b20b9ec8210757fce256",
    "https://esm.sh/@supabase/functions-js@2.110.1?target=denonext": "1a899eba4a21f21bcf72bf85beaf35bc8cbf6a3f908441a306b07f98d552a8c5",
    "https://esm.sh/@supabase/gotrue-js@2.108.2/denonext/gotrue-js.mjs": "682df1bd5131bf6c9d43353e3dcb3a95a03738de058c129d5541a157983c7caa",
    "https://esm.sh/@supabase/gotrue-js@2.108.2?target=denonext": "7233e6aae8e359320f1cd7e1c22b664c8df52726788e07cf72f1abf5cf857e49",
    "https://esm.sh/@supabase/node-fetch@2.6.15/denonext/node-fetch.mjs": "0bae9052231f4f6dbccc7234d05ea96923dbf967be12f402764580b6bf9f713d",
    "https://esm.sh/@supabase/node-fetch@2.6.15?target=denonext": "4d28c4ad97328403184353f68434f2b6973971507919e9150297413664919cf3",
    "https://esm.sh/@supabase/phoenix@0.4.4/denonext/phoenix.mjs": "2c4954292d10fd9137d66a1b7abd73bf24f9771a444c3d4e267b12e1e2b132c8",
    "https://esm.sh/@supabase/postgrest-js@1.21.4/denonext/postgrest-js.mjs": "c3769b11ef02debc78ecf6ab4e152d3cf7dbd05bbbafeb72c160e76cc57cda3c",
    "https://esm.sh/@supabase/postgrest-js@1.21.4?target=denonext": "db2315bc0ff19690cd4239c5adb5f5787f5dea04955058ef1fca541d49555ed6",
    "https://esm.sh/@supabase/realtime-js@2.110.1/denonext/realtime-js.mjs": "2b71e22b89426c2545a68b9d67e1ec6f451947a380b122577b9ecf9dc1b19007",
    "https://esm.sh/@supabase/realtime-js@2.110.1?target=denonext": "71d491b0aad07b0b6b4bd18cf481ac1fcba651bafcc717408fa9989efc2eee4b",
    "https://esm.sh/@supabase/storage-js@2.110.1/denonext/storage-js.mjs": "56c18f1627fbe3a9638a2bca668747314cdeeac6f1ad4a0dc21b7e5d8468a769",
    "https://esm.sh/@supabase/storage-js@2.110.1?target=denonext": "84dc044b299f3de8f43a42daa32a86f77d84c3324d94c0d73efe495a45dfca35",
    "https://esm.sh/@supabase/supabase-js@2.39.3": "832d7714491bd1c8a9008a332b35cb099f24b451ad79e755ecf4d71985fd6610",
    "https://esm.sh/@supabase/supabase-js@2.39.3/denonext/supabase-js.mjs": "054f4cd1560fa814cdc10d06c0809b00d0817dc06a072fa983e4c023e4346439",
    "https://esm.sh/@supabase/supabase-js@2.39.8": "5cb81f5217dda9564abd7d7d6211484d30441d41a113954d5904bcd0ef1007e0",
    "https://esm.sh/crypto-js@4.2.0/denonext/md5.mjs": "76a9d45ecda459062db8b69249e9262012eeacd7da0929ef0f2cd7771117d4ac",
    "https://esm.sh/crypto-js@4.2.0/md5": "eaeeb220e1e215e99bc1764ed02ea0ff30711a7dff1d7d48331449f8be6ddb37",
    "https://esm.sh/deepmerge@4.3.1/denonext/deepmerge.mjs": "1f448aaa83a52514faecb2edc02eb766c9eb10b935b9ac4c1c2a877a0bb56b80",
    "https://esm.sh/deepmerge@4.3.1?target=denonext": "a8faef33b536441a2c63f8c967d160848eb1f898a8e83a35a9f0623ecd9063d3",
    "https://esm.sh/dom-serializer@2.0.0/denonext/dom-serializer.mjs": "545028b1d2c25bae5cbfe6930a28a2e4f7f05e1a0d09bbd0f3f5f9a33df8e3bd",
    "https://esm.sh/dom-serializer@2.0.0?target=denonext": "1626b2b8326556ea2816b5f9bf7522bc9581d545fd9ad117c066ab7a5ff1fb89",
    "https://esm.sh/domelementtype@2.3.0/denonext/domelementtype.mjs": "4f3b57348729cd517560139eb1969ca2fe9cc58c5188abe56e7336d5cb557cc0",
    "https://esm.sh/domelementtype@2.3.0?target=denonext": "2beb2a1e3d18892a9b00ef9528811b93f613a77d2b6fb25376ec0f109ac48a4f",
    "https://esm.sh/domhandler@5.0.3/denonext/domhandler.mjs": "3fb258a3d79bc9066a568bb6b09ce946d1fcfa2636a24ae80a4db220956e0873",
    "https://esm.sh/domhandler@5.0.3?target=denonext": "298fde249b7bff9e80667cfe643e7d4b390871b77b0928d086ce4c0b8fc570e2",
    "https://esm.sh/domutils@3.2.2/denonext/domutils.mjs": "f0b4e80e73810ed6f3d8c4e1822feef89208f32c88b6024a84328d02f5f77c40",
    "https://esm.sh/domutils@3.2.2?target=denonext": "7e487176c61dfd1dfdbcfd1195e7329a64f53421511561b69c570a6cff0a6167",
    "https://esm.sh/entities@4.5.0/denonext/entities.mjs": "4a9306e4021ae1079e83b5db26e1678c536fa69c8f2839802bc3cc43282cef08",
    "https://esm.sh/entities@4.5.0/denonext/lib/decode.mjs": "ef22e25f6bca668e40c4f7d4ecaebe2172a833a18372d55b54f997d0d8702dcd",
    "https://esm.sh/entities@4.5.0/denonext/lib/escape.mjs": "116aef78e5ff05efa6f79851b8b59da025ab88f5c25d2262f73df98f4d57c3fa",
    "https://esm.sh/entities@4.5.0/lib/decode?target=denonext": "488bc8401a0c85a76527d61a41352c5371904aeda57a136eb10ccfadcd2f7c8c",
    "https://esm.sh/entities@4.5.0?target=denonext": "f6bc559c07f40e94b3ef50f0b24e2666a2258db3b6697bf4da8fd2fc014ef7a1",
    "https://esm.sh/fast-sha256@1.3.0/denonext/fast-sha256.mjs": "bcf37227dddce83918628de1aed52ce77d8211499b3ad06c019cc77e0322c0b2",
    "https://esm.sh/fast-sha256@1.3.0?target=denonext": "e1af1f94f63902ce191180a8ede5eda744b74f6abb885dae5f8b1fd9e13c8575",
    "https://esm.sh/html-to-text@9.0.5/denonext/html-to-text.mjs": "9e7f8db5407f0832d5c164f9ae7532abbea169f513b52bf57bf480e90e59a0e6",
    "https://esm.sh/htmlparser2@8.0.2/denonext/htmlparser2.mjs": "c0be0f190e625b82e88378875016f820a38d586e9c885d37e3dd2073a4f0fdfb",
    "https://esm.sh/htmlparser2@8.0.2/denonext/lib/esm/Parser.mjs": "d58fb2f87f8fead8e7ac03c544690908b4db21ab0513415b0cfe9311ab31aaa3",
    "https://esm.sh/htmlparser2@8.0.2/denonext/lib/esm/Tokenizer.mjs": "09109e601c7acd75b99c2a34e53e339a46301d9937e1495eaca8f9019a7b3040",
    "https://esm.sh/htmlparser2@8.0.2?target=denonext": "fd3edaa58a00e79f11b3510cc3930c9f5345486cdcc52c0afe24bbb36aece028",
    "https://esm.sh/iceberg-js@0.8.1/denonext/iceberg-js.mjs": "d839d81a2e3966500ca2cdd0c1cb458e9608bacfc91f7bb67a69b2e878dcdb4f",
    "https://esm.sh/iceberg-js@0.8.1?target=denonext": "58c849d7fe2bf4eca4a84eb501e83c161a7d8c34ca1bec15a962b3bec3062633",
    "https://esm.sh/js-beautify@1.15.4/denonext/js-beautify.mjs": "87583b6b5f136923750e4be241e215f5ca01cf58cd052e2d33e54ca1e0a64223",
    "https://esm.sh/js-beautify@1.15.4?target=denonext": "e502ba1faece62eea942d95725ef270d8747dbbeb28f7ecbc0c7f98ef59656cf",
    "https://esm.sh/leac@0.6.0/denonext/leac.mjs": "b73a34f6c2983d85de3604535ae223a31756ae8470e7d350ec4703659b776032",
    "https://esm.sh/leac@0.6.0?target=denonext": "49d9cd25ff3a0658f687f430fb60ae79811a6ba3db8f6d2d243274d789ff6013",
    "https://esm.sh/marked@7.0.4/denonext/marked.mjs": "06c0b9123e11219d4647e9bd406e07377832224dbb522588af6404ed319dffd6",
    "https://esm.sh/md-to-react-email@5.0.2/X-ZHJlYWN0QDE4LjMuMQ/denonext/md-to-react-email.mjs": "9dad2cacb662a7e3be041756fa804a51078773b05898f197008b1de218996c53",
    "https://esm.sh/parseley@0.12.1/denonext/parseley.mjs": "adb641dd0790c5f80caccae1d12029aa5434498368eea27696e9e3d5dcd0b835",
    "https://esm.sh/parseley@0.12.1?target=denonext": "8169d6a6a0345226dc65fed2b195413c2bc863348afa61ce31f5bf4730299a1a",
    "https://esm.sh/peberminta@0.9.0/denonext/lib/util.mjs": "ab48ab5eead902341c9f2209db7881d58f9ad2eeac75d62b02bd8fc3c2b96df5",
    "https://esm.sh/peberminta@0.9.0/denonext/peberminta.mjs": "b9e30d34531689bfa87bdd584c19732de2b40a7fb9c87a8dd083b24ccce9199f",
    "https://esm.sh/peberminta@0.9.0?target=denonext": "021e477cef449a6078dec84f778954407b9a913315dc72e5c42eee18db590843",
    "https://esm.sh/prismjs@1.29.0/denonext/prismjs.mjs": "5d8c4ada4c0e2fccb077d0abe8d08767158809424f1eefe225e65d69d25f1e2f",
    "https://esm.sh/react-dom@18.2.0/X-ZHJlYWN0QDE4LjMuMQ/denonext/server.mjs": "aa2d3056b22a347ac5031274c4c772d42c3df1040d508df0cd90aa6ddd6be6a3",
    "https://esm.sh/react-dom@18.3.1/X-ZHJlYWN0QDE4LjMuMQ/denonext/server.mjs": "1bfb729a865f7417946f55f4f3779f6669f88c1157f81bb8b50467baa236b860",
    "https://esm.sh/react-dom@18.3.1/denonext/server.mjs": "1bfb729a865f7417946f55f4f3779f6669f88c1157f81bb8b50467baa236b860",
    "https://esm.sh/react-dom@18.3.1/server?deps=react@18.3.1&target=denonext": "36fa291165d60ffd020dd9544acba28c6d512639447ac8f6722309c621ff4c90",
    "https://esm.sh/react-dom@18.3.1/server?target=denonext": "12326a1fce03a039ba32fbc8ec4e6157e4270062c9081617cbbd4b924f52f97a",
    "https://esm.sh/react@18.2.0/denonext/react.mjs": "a986c2876dc2f73879f395e677dc34cb751f260e69db16364810655f884df173",
    "https://esm.sh/react@18.3.1": "336090fd1f03fdb9530dce4ac761717b5e1e1a630c775bac184ec4ee0809cf89",
    "https://esm.sh/react@18.3.1/denonext/jsx-runtime.mjs": "bcfa2f01bbb7c04a674e06d5748773d46c431e8ac8e8ff79aad6962af0a79b0f",
    "https://esm.sh/react@18.3.1/denonext/react.mjs": "fec8d5ab4ffa55c8b563abc31060c3dc0205699aff20beec4aba0311efdcc1a0",
    "https://esm.sh/resend@4.0.0": "304b5edd6b05ffb21d29b90b4b3afb4ed6b4ca1df4f7a4c9a177866f429ed88a",
    "https://esm.sh/resend@4.0.0/denonext/resend.mjs": "4c97805e4a015d0800ab4613fdc3e393a4492873946d52c4761b7c570e4649f9",
    "https://esm.sh/selderee@0.11.0/denonext/selderee.mjs": "7cd55f556e21df07f094dc04a9a3b19f56f4b0781c92aebfb5fbda7536fc167d",
    "https://esm.sh/selderee@0.11.0?target=denonext": "30cf39b226588a56ac350c58aa59db26137ad7a6c609f02689718bbfd389a618",
    "https://esm.sh/standardwebhooks@1.0.0": "b8cafcb7e9a890c14c0eb74cb093f36333000122e2276cc204818f6a680c8ba9",
    "https://esm.sh/standardwebhooks@1.0.0/denonext/standardwebhooks.mjs": "6e51b5073217b0b65c233748e4d513bbd8659ed1ddeb9adc594aaf1746777645",
    "https://esm.sh/tr46@0.0.3/denonext/tr46.mjs": "5753ec0a99414f4055f0c1f97691100f13d88e48a8443b00aebb90a512785fa2",
    "https://esm.sh/tr46@0.0.3?target=denonext": "19cb9be0f0d418a0c3abb81f2df31f080e9540a04e43b0f699bce1149cba0cbb",
    "https://esm.sh/tslib@2.8.1/denonext/tslib.mjs": "c38da5dd6da6281964435002ce204cd586634fe3bdfb24a0ee116f48cf3292e9",
    "https://esm.sh/webidl-conversions@3.0.1/denonext/webidl-conversions.mjs": "238cd0743827707cbc1c2d7c2cf1027dbc536fb53ec9a3fde0ff8026a3ac5385",
    "https://esm.sh/webidl-conversions@3.0.1?target=denonext": "4e20318d50528084616c79d7b3f6e7f0fe7b6d09013bd01b3974d7448d767e29",
    "https://esm.sh/whatwg-url@5.0.0/denonext/whatwg-url.mjs": "29b16d74ee72624c915745bbd25b617cfd2248c6af0f5120d131e232a9a9af79",
    "https://esm.sh/whatwg-url@5.0.0?target=denonext": "f001a2cadf81312d214ca330033f474e74d81a003e21e8c5d70a1f46dc97b02d"
  },
  "workspace": {
    "packageJson": {
      "dependencies": [
        "npm:@dnd-kit/core@^6.3.1",
        "npm:@dnd-kit/sortable@10",
        "npm:@dnd-kit/utilities@^3.2.2",
        "npm:@eslint/js@^9.9.0",
        "npm:@hookform/resolvers@^3.9.0",
        "npm:@phosphor-icons/react@^2.1.10",
        "npm:@radix-ui/react-accordion@^1.2.0",
        "npm:@radix-ui/react-alert-dialog@^1.1.1",
        "npm:@radix-ui/react-aspect-ratio@^1.1.0",
        "npm:@radix-ui/react-avatar@^1.1.0",
        "npm:@radix-ui/react-checkbox@^1.1.1",
        "npm:@radix-ui/react-collapsible@^1.1.0",
        "npm:@radix-ui/react-context-menu@^2.2.1",
        "npm:@radix-ui/react-dialog@^1.1.2",
        "npm:@radix-ui/react-dropdown-menu@^2.1.1",
        "npm:@radix-ui/react-hover-card@^1.1.1",
        "npm:@radix-ui/react-label@^2.1.0",
        "npm:@radix-ui/react-menubar@^1.1.1",
        "npm:@radix-ui/react-navigation-menu@^1.2.0",
        "npm:@radix-ui/react-popover@^1.1.1",
        "npm:@radix-ui/react-progress@^1.1.0",
        "npm:@radix-ui/react-radio-group@^1.2.0",
        "npm:@radix-ui/react-scroll-area@^1.1.0",
        "npm:@radix-ui/react-select@^2.1.1",
        "npm:@radix-ui/react-separator@^1.1.0",
        "npm:@radix-ui/react-slider@^1.2.0",
        "npm:@radix-ui/react-slot@^1.1.0",
        "npm:@radix-ui/react-switch@^1.1.0",
        "npm:@radix-ui/react-tabs@^1.1.0",
        "npm:@radix-ui/react-toast@^1.2.1",
        "npm:@radix-ui/react-toggle-group@^1.1.0",
        "npm:@radix-ui/react-toggle@^1.1.0",
        "npm:@radix-ui/react-tooltip@^1.1.4",
        "npm:@supabase/supabase-js@^2.75.1",
        "npm:@swc/core@^1.15.33",
        "npm:@tailwindcss/forms@~0.5.11",
        "npm:@tailwindcss/typography@~0.5.15",
        "npm:@tanstack/react-query@^5.56.2",
        "npm:@testing-library/jest-dom@^6.9.1",
        "npm:@testing-library/react@^16.3.2",
        "npm:@types/canvas-confetti@^1.6.4",
        "npm:@types/crypto-js@^4.2.2",
        "npm:@types/node@^25.6.0",
        "npm:@types/react-dom@^18.3.0",
        "npm:@types/react-swipeable@^4.3.0",
        "npm:@types/react@^18.3.3",
        "npm:@types/uuid@10",
        "npm:@vitejs/plugin-react-swc@^3.5.0",
        "npm:autoprefixer@^10.4.20",
        "npm:canvas-confetti@^1.9.3",
        "npm:class-variance-authority@~0.7.1",
        "npm:clsx@^2.1.1",
        "npm:cmdk@1",
        "npm:crypto-js@^4.2.0",
        "npm:date-fns-tz@^3.2.0",
        "npm:date-fns@^3.6.0",
        "npm:embla-carousel-react@^8.3.0",
        "npm:eslint-plugin-react-hooks@^5.1.0-rc.0",
        "npm:eslint-plugin-react-refresh@~0.4.9",
        "npm:eslint@^9.9.0",
        "npm:framer-motion@^12.12.2",
        "npm:globals@^15.9.0",
        "npm:input-otp@^1.2.4",
        "npm:jsdom@28",
        "npm:lucide-react@0.462",
        "npm:mini-svg-data-uri@^1.4.4",
        "npm:motion@^12.34.3",
        "npm:next-themes@0.3",
        "npm:pdfjs-dist@^5.4.530",
        "npm:postcss@^8.4.47",
        "npm:quill@^2.0.2",
        "npm:react-day-picker@^8.10.1",
        "npm:react-dom@^18.3.1",
        "npm:react-hook-form@^7.53.0",
        "npm:react-icons@^5.5.0",
        "npm:react-resizable-panels@^2.1.3",
        "npm:react-router-dom@^6.26.2",
        "npm:react-swipeable@^7.0.2",
        "npm:react-toastify@^11.0.5",
        "npm:react@^18.3.1",
        "npm:recharts@^2.12.7",
        "npm:tailwind-merge@^2.6.1",
        "npm:tailwindcss-animate@^1.0.7",
        "npm:tailwindcss@^3.4.11",
        "npm:typescript-eslint@^8.0.1",
        "npm:typescript@^5.5.3",
        "npm:vaul@~0.9.3",
        "npm:vite@^7.3.2",
        "npm:vitest@^4.0.18",
        "npm:zod@^3.23.8"
      ]
    }
  }
}
